
Microsoft Visual Studio Solution File, Format Version 12.00
# Visual Studio 15
Project("{FAE04EC0-301F-11D3-BF4B-00C04F79EFBC}") = "Assembly-CSharp-firstpass", "Assembly-CSharp-firstpass.csproj", "{50C4E9D0-D84D-EAC3-BE3F-74BA12865D13}"
EndProject
Project("{FAE04EC0-301F-11D3-BF4B-00C04F79EFBC}") = "Assembly-CSharp-Editor-firstpass", "Assembly-CSharp-Editor-firstpass.csproj", "{0484B534-2D90-57AC-BBE2-81B5A41EB153}"
EndProject
Project("{FAE04EC0-301F-11D3-BF4B-00C04F79EFBC}") = "Assembly-CSharp", "Assembly-CSharp.csproj", "{233A0239-EAC0-6A6F-E686-173A171E395A}"
EndProject
Global
	GlobalSection(SolutionConfigurationPlatforms) = preSolution
		Debug|Any CPU = Debug|Any CPU
		Release|Any CPU = Release|Any CPU
	EndGlobalSection
	GlobalSection(ProjectConfigurationPlatforms) = postSolution
		{50C4E9D0-D84D-EAC3-BE3F-74BA12865D13}.Debug|Any CPU.ActiveCfg = Debug|Any CPU
		{50C4E9D0-D84D-EAC3-BE3F-74BA12865D13}.Debug|Any CPU.Build.0 = Debug|Any CPU
		{50C4E9D0-D84D-EAC3-BE3F-74BA12865D13}.Release|Any CPU.ActiveCfg = Release|Any CPU
		{50C4E9D0-D84D-EAC3-BE3F-74BA12865D13}.Release|Any CPU.Build.0 = Release|Any CPU
		{0484B534-2D90-57AC-BBE2-81B5A41EB153}.Debug|Any CPU.ActiveCfg = Debug|Any CPU
		{0484B534-2D90-57AC-BBE2-81B5A41EB153}.Debug|Any CPU.Build.0 = Debug|Any CPU
		{0484B534-2D90-57AC-BBE2-81B5A41EB153}.Release|Any CPU.ActiveCfg = Release|Any CPU
		{0484B534-2D90-57AC-BBE2-81B5A41EB153}.Release|Any CPU.Build.0 = Release|Any CPU
		{233A0239-EAC0-6A6F-E686-173A171E395A}.Debug|Any CPU.ActiveCfg = Debug|Any CPU
		{233A0239-EAC0-6A6F-E686-173A171E395A}.Debug|Any CPU.Build.0 = Debug|Any CPU
		{233A0239-EAC0-6A6F-E686-173A171E395A}.Release|Any CPU.ActiveCfg = Release|Any CPU
		{233A0239-EAC0-6A6F-E686-173A171E395A}.Release|Any CPU.Build.0 = Release|Any CPU
	EndGlobalSection
	GlobalSection(SolutionProperties) = preSolution
		HideSolutionNode = FALSE
	EndGlobalSection
EndGlobal
